
Microsoft Visual Studio Solution File, Format Version 12.00
# Visual Studio 2013
VisualStudioVersion = 12.0.21005.1
MinimumVisualStudioVersion = 10.0.40219.1
Project("{FAE04EC0-301F-11D3-BF4B-00C04F79EFBC}") = "Compiler", "Compiler\Compiler.csproj", "{3C79AA15-942C-4B27-86A8-5544F54494DD}"
EndProject
Project("{FAE04EC0-301F-11D3-BF4B-00C04F79EFBC}") = "Parsing", "Parsing\Parsing.csproj", "{8121EAB0-DD4D-4D46-BA80-60FF6775D726}"
EndProject
Project("{FAE04EC0-301F-11D3-BF4B-00C04F79EFBC}") = "Commons", "Commons\Commons.csproj", "{B2CEF4C0-7918-48AF-AC63-9623525479B7}"
EndProject
Project("{FAE04EC0-301F-11D3-BF4B-00C04F79EFBC}") = "CodeGeneration", "CodeGeneration\CodeGeneration.csproj", "{DF6A9E74-400E-476B-9AB6-CAF7047BC1F4}"
EndProject
Project("{2150E333-8FDC-42A3-9474-1A3956D46DE8}") = "Solution Items", "Solution Items", "{14025592-8E91-4716-A3E7-AA42B8251DE7}"
	ProjectSection(SolutionItems) = preProject
		Program.tempus = Program.tempus
		README.md = README.md
	EndProjectSection
EndProject
Project("{FAE04EC0-301F-11D3-BF4B-00C04F79EFBC}") = "Lexing", "Lexing\Lexing.csproj", "{5C2047BA-0437-4267-B30E-BA9B954EAAEB}"
EndProject
Global
	GlobalSection(SolutionConfigurationPlatforms) = preSolution
		Debug|Any CPU = Debug|Any CPU
		Release|Any CPU = Release|Any CPU
	EndGlobalSection
	GlobalSection(ProjectConfigurationPlatforms) = postSolution
		{3C79AA15-942C-4B27-86A8-5544F54494DD}.Debug|Any CPU.ActiveCfg = Debug|Any CPU
		{3C79AA15-942C-4B27-86A8-5544F54494DD}.Debug|Any CPU.Build.0 = Debug|Any CPU
		{3C79AA15-942C-4B27-86A8-5544F54494DD}.Release|Any CPU.ActiveCfg = Release|Any CPU
		{3C79AA15-942C-4B27-86A8-5544F54494DD}.Release|Any CPU.Build.0 = Release|Any CPU
		{8121EAB0-DD4D-4D46-BA80-60FF6775D726}.Debug|Any CPU.ActiveCfg = Debug|Any CPU
		{8121EAB0-DD4D-4D46-BA80-60FF6775D726}.Debug|Any CPU.Build.0 = Debug|Any CPU
		{8121EAB0-DD4D-4D46-BA80-60FF6775D726}.Release|Any CPU.ActiveCfg = Release|Any CPU
		{8121EAB0-DD4D-4D46-BA80-60FF6775D726}.Release|Any CPU.Build.0 = Release|Any CPU
		{B2CEF4C0-7918-48AF-AC63-9623525479B7}.Debug|Any CPU.ActiveCfg = Debug|Any CPU
		{B2CEF4C0-7918-48AF-AC63-9623525479B7}.Debug|Any CPU.Build.0 = Debug|Any CPU
		{B2CEF4C0-7918-48AF-AC63-9623525479B7}.Release|Any CPU.ActiveCfg = Release|Any CPU
		{B2CEF4C0-7918-48AF-AC63-9623525479B7}.Release|Any CPU.Build.0 = Release|Any CPU
		{DF6A9E74-400E-476B-9AB6-CAF7047BC1F4}.Debug|Any CPU.ActiveCfg = Debug|Any CPU
		{DF6A9E74-400E-476B-9AB6-CAF7047BC1F4}.Debug|Any CPU.Build.0 = Debug|Any CPU
		{DF6A9E74-400E-476B-9AB6-CAF7047BC1F4}.Release|Any CPU.ActiveCfg = Release|Any CPU
		{DF6A9E74-400E-476B-9AB6-CAF7047BC1F4}.Release|Any CPU.Build.0 = Release|Any CPU
		{5C2047BA-0437-4267-B30E-BA9B954EAAEB}.Debug|Any CPU.ActiveCfg = Debug|Any CPU
		{5C2047BA-0437-4267-B30E-BA9B954EAAEB}.Debug|Any CPU.Build.0 = Debug|Any CPU
		{5C2047BA-0437-4267-B30E-BA9B954EAAEB}.Release|Any CPU.ActiveCfg = Release|Any CPU
		{5C2047BA-0437-4267-B30E-BA9B954EAAEB}.Release|Any CPU.Build.0 = Release|Any CPU
	EndGlobalSection
	GlobalSection(SolutionProperties) = preSolution
		HideSolutionNode = FALSE
	EndGlobalSection
EndGlobal
